
Microsoft Visual Studio Solution File, Format Version 12.00
# Visual Studio Version 17
VisualStudioVersion = 17.7.34024.191
MinimumVisualStudioVersion = 10.0.40219.1
Project("{FAE04EC0-301F-11D3-BF4B-00C04F79EFBC}") = "demo-asp-net-core-5", "demo-asp-net-core-5\demo-asp-net-core-5.csproj", "{DDCBEA66-2FB4-4987-8A21-C5ECEF0AA00E}"
EndProject
Global
	GlobalSection(SolutionConfigurationPlatforms) = preSolution
		Debug|Any CPU = Debug|Any CPU
		Release|Any CPU = Release|Any CPU
	EndGlobalSection
	GlobalSection(ProjectConfigurationPlatforms) = postSolution
		{DDCBEA66-2FB4-4987-8A21-C5ECEF0AA00E}.Debug|Any CPU.ActiveCfg = Debug|Any CPU
		{DDCBEA66-2FB4-4987-8A21-C5ECEF0AA00E}.Debug|Any CPU.Build.0 = Debug|Any CPU
		{DDCBEA66-2FB4-4987-8A21-C5ECEF0AA00E}.Release|Any CPU.ActiveCfg = Release|Any CPU
		{DDCBEA66-2FB4-4987-8A21-C5ECEF0AA00E}.Release|Any CPU.Build.0 = Release|Any CPU
	EndGlobalSection
	GlobalSection(SolutionProperties) = preSolution
		HideSolutionNode = FALSE
	EndGlobalSection
	GlobalSection(ExtensibilityGlobals) = postSolution
		SolutionGuid = {09EFCC19-CA8A-472C-9E3D-51090F78C75B}
	EndGlobalSection
EndGlobal
